
Microsoft Visual Studio Solution File, Format Version 12.00
# Visual Studio Version 17
VisualStudioVersion = 17.14.36221.1 d17.14
MinimumVisualStudioVersion = 10.0.40219.1
Project("{FAE04EC0-301F-11D3-BF4B-00C04F79EFBC}") = "Wpf_Task3", "Wpf_Task3\Wpf_Task3.csproj", "{CA0CE3E7-393F-433B-A2E6-43ED1E17974D}"
EndProject
Global
	GlobalSection(SolutionConfigurationPlatforms) = preSolution
		Debug|Any CPU = Debug|Any CPU
		Release|Any CPU = Release|Any CPU
	EndGlobalSection
	GlobalSection(ProjectConfigurationPlatforms) = postSolution
		{CA0CE3E7-393F-433B-A2E6-43ED1E17974D}.Debug|Any CPU.ActiveCfg = Debug|Any CPU
		{CA0CE3E7-393F-433B-A2E6-43ED1E17974D}.Debug|Any CPU.Build.0 = Debug|Any CPU
		{CA0CE3E7-393F-433B-A2E6-43ED1E17974D}.Release|Any CPU.ActiveCfg = Release|Any CPU
		{CA0CE3E7-393F-433B-A2E6-43ED1E17974D}.Release|Any CPU.Build.0 = Release|Any CPU
	EndGlobalSection
	GlobalSection(SolutionProperties) = preSolution
		HideSolutionNode = FALSE
	EndGlobalSection
	GlobalSection(ExtensibilityGlobals) = postSolution
		SolutionGuid = {E5B7831B-71C1-4D9B-B7A8-A187A75F54D7}
	EndGlobalSection
EndGlobal
